
Microsoft Visual Studio Solution File, Format Version 12.00
# Visual Studio Version 16
VisualStudioVersion = 16.0.30011.22
MinimumVisualStudioVersion = 10.0.40219.1
Project("{FAE04EC0-301F-11D3-BF4B-00C04F79EFBC}") = "FireCard", "FireCard.csproj", "{AF9A7B2D-8337-4D19-A1A7-458E9A293F11}"
EndProject
Global
	GlobalSection(SolutionConfigurationPlatforms) = preSolution
		Debug|Any CPU = Debug|Any CPU
		Release v2|Any CPU = Release v2|Any CPU
		Release|Any CPU = Release|Any CPU
	EndGlobalSection
	GlobalSection(ProjectConfigurationPlatforms) = postSolution
		{AF9A7B2D-8337-4D19-A1A7-458E9A293F11}.Debug|Any CPU.ActiveCfg = Debug|Any CPU
		{AF9A7B2D-8337-4D19-A1A7-458E9A293F11}.Debug|Any CPU.Build.0 = Debug|Any CPU
		{AF9A7B2D-8337-4D19-A1A7-458E9A293F11}.Release v2|Any CPU.ActiveCfg = Release v2|Any CPU
		{AF9A7B2D-8337-4D19-A1A7-458E9A293F11}.Release|Any CPU.ActiveCfg = Release|Any CPU
		{AF9A7B2D-8337-4D19-A1A7-458E9A293F11}.Release|Any CPU.Build.0 = Release|Any CPU
	EndGlobalSection
	GlobalSection(SolutionProperties) = preSolution
		HideSolutionNode = FALSE
	EndGlobalSection
	GlobalSection(ExtensibilityGlobals) = postSolution
		SolutionGuid = {80D534F5-2F71-413C-B2E4-D5F1BB7360E8}
	EndGlobalSection
EndGlobal
